GEM
  remote: https://rubygems.org/
  specs:
    diff-lcs (2.0.0)
    drb (2.2.3)
    minitest (6.0.6)
      drb (~> 2.0)
      prism (~> 1.5)
    parallel (2.1.0)
    prism (1.9.0)
    rainbow (3.1.1)
    rake (13.4.2)
    ruby-progressbar (1.13.0)
    thor (1.5.0)

PLATFORMS
  arm64-darwin-25
  ruby

DEPENDENCIES
  diff-lcs (~> 2.0)
  minitest (~> 6.0)
  parallel (~> 2.1)
  rainbow (~> 3.1)
  rake (~> 13.0)
  ruby-progressbar (~> 1.13)
  thor (~> 1.5)

CHECKSUMS
  diff-lcs (2.0.0) sha256=708a5d52ec2945b50f8f53a181174aa1ef2c496edf81c05957fe956dabb363d5
  drb (2.2.3) sha256=0b00d6fdb50995fe4a45dea13663493c841112e4068656854646f418fda13373
  minitest (6.0.6) sha256=153ea36d1d987a62942382b61075745042a2b3123b1cd48f4c3675af9cc7d6f1
  parallel (2.1.0) sha256=b35258865c2e31134c5ecb708beaaf6772adf9d5efae28e93e99260877b09356
  prism (1.9.0) sha256=7b530c6a9f92c24300014919c9dcbc055bf4cdf51ec30aed099b06cd6674ef85
  rainbow (3.1.1) sha256=039491aa3a89f42efa1d6dec2fc4e62ede96eb6acd95e52f1ad581182b79bc6a
  rake (13.4.2) sha256=cb825b2bd5f1f8e91ca37bddb4b9aaf345551b4731da62949be002fa89283701
  ruby-progressbar (1.13.0) sha256=80fc9c47a9b640d6834e0dc7b3c94c9df37f08cb072b7761e4a71e22cff29b33
  thor (1.5.0) sha256=e3a9e55fe857e44859ce104a84675ab6e8cd59c650a49106a05f55f136425e73

BUNDLED WITH
  4.0.6
